
Microsoft Visual Studio Solution File, Format Version 12.00
# Visual Studio 15
VisualStudioVersion = 15.0.27703.2042
MinimumVisualStudioVersion = 10.0.40219.1
Project("{FAE04EC0-301F-11D3-BF4B-00C04F79EFBC}") = "CG 6-2", "CG 6-2\CG 6-2.csproj", "{1A5485E4-CEC4-4457-8937-DDD52A9F068E}"
EndProject
Global
	GlobalSection(SolutionConfigurationPlatforms) = preSolution
		Debug|Any CPU = Debug|Any CPU
		Release|Any CPU = Release|Any CPU
	EndGlobalSection
	GlobalSection(ProjectConfigurationPlatforms) = postSolution
		{1A5485E4-CEC4-4457-8937-DDD52A9F068E}.Debug|Any CPU.ActiveCfg = Debug|Any CPU
		{1A5485E4-CEC4-4457-8937-DDD52A9F068E}.Debug|Any CPU.Build.0 = Debug|Any CPU
		{1A5485E4-CEC4-4457-8937-DDD52A9F068E}.Release|Any CPU.ActiveCfg = Release|Any CPU
		{1A5485E4-CEC4-4457-8937-DDD52A9F068E}.Release|Any CPU.Build.0 = Release|Any CPU
	EndGlobalSection
	GlobalSection(SolutionProperties) = preSolution
		HideSolutionNode = FALSE
	EndGlobalSection
	GlobalSection(ExtensibilityGlobals) = postSolution
		SolutionGuid = {A6C350A7-E828-4739-AC45-007D39E6D1CF}
	EndGlobalSection
EndGlobal
